// !$*UTF8*$!
{
	archiveVersion = 1;
	classes = {
	};
	objectVersion = 50;
	objects = {

/* Begin PBXBuildFile section */
		BFB08B3B26783D0C0015E1B8 /* UIKit.framework in Frameworks */ = {isa = PBXBuildFile; fileRef = BFB08B3A26783D0C0015E1B8 /* UIKit.framework */; };
		BFB08B3D26783D0C0015E1B8 /* Foundation.framework in Frameworks */ = {isa = PBXBuildFile; fileRef = BFB08B3C26783D0C0015E1B8 /* Foundation.framework */; };
		BFB08B3F26783D0C0015E1B8 /* CydiaSubstrate.framework in Frameworks */ = {isa = PBXBuildFile; fileRef = BFB08B3E26783D0C0015E1B8 /* CydiaSubstrate.framework */; };
		BFB08B4826783D0C0015E1B8 /* HPWeChatPlugins.mm in Sources */ = {isa = PBXBuildFile; fileRef = BFB08B4726783D0C0015E1B8 /* HPWeChatPlugins.mm */; };
		BFB08B5D26785B9D0015E1B8 /* HPSettingCell.mm in Sources */ = {isa = PBXBuildFile; fileRef = BFB08B5C26785B9D0015E1B8 /* HPSettingCell.mm */; };
/* End PBXBuildFile section */

/* Begin PBXFileReference section */
		BFB08B3726783D0C0015E1B8 /* HPWeChatPlugins.dylib */ = {isa = PBXFileReference; explicitFileType = "compiled.mach-o.dylib"; includeInIndex = 0; path = HPWeChatPlugins.dylib; sourceTree = BUILT_PRODUCTS_DIR; };
		BFB08B3A26783D0C0015E1B8 /* UIKit.framework */ = {isa = PBXFileReference; lastKnownFileType = wrapper.framework; name = UIKit.framework; path = System/Library/Frameworks/UIKit.framework; sourceTree = SDKROOT; };
		BFB08B3C26783D0C0015E1B8 /* Foundation.framework */ = {isa = PBXFileReference; lastKnownFileType = wrapper.framework; name = Foundation.framework; path = System/Library/Frameworks/Foundation.framework; sourceTree = SDKROOT; };
		BFB08B3E26783D0C0015E1B8 /* CydiaSubstrate.framework */ = {isa = PBXFileReference; lastKnownFileType = wrapper.framework; name = CydiaSubstrate.framework; path = Library/Frameworks/CydiaSubstrate.framework; sourceTree = DEVELOPER_DIR; };
		BFB08B4326783D0C0015E1B8 /* control */ = {isa = PBXFileReference; lastKnownFileType = text; path = control; sourceTree = "<group>"; };
		BFB08B4526783D0C0015E1B8 /* HPWeChatPlugins-Prefix.pch */ = {isa = PBXFileReference; lastKnownFileType = sourcecode.c.h; name = "HPWeChatPlugins-Prefix.pch"; path = "../HPWeChatPlugins-Prefix.pch"; sourceTree = "<group>"; };
		BFB08B4626783D0C0015E1B8 /* HPWeChatPlugins.xm */ = {isa = PBXFileReference; explicitFileType = sourcecode.cpp.objcpp.preprocessed; path = HPWeChatPlugins.xm; sourceTree = "<group>"; };
		BFB08B4726783D0C0015E1B8 /* HPWeChatPlugins.mm */ = {isa = PBXFileReference; lastKnownFileType = sourcecode.cpp.objcpp; path = HPWeChatPlugins.mm; sourceTree = "<group>"; };
		BFB08B4C26783D0C0015E1B8 /* HPWeChatPlugins.plist */ = {isa = PBXFileReference; lastKnownFileType = text.plist.xml; path = HPWeChatPlugins.plist; sourceTree = "<group>"; };
		BFB08B58267847600015E1B8 /* HPSettingCell.xm */ = {isa = PBXFileReference; explicitFileType = sourcecode.cpp.objcpp.preprocessed; fileEncoding = 4; path = HPSettingCell.xm; sourceTree = "<group>"; };
		BFB08B5C26785B9D0015E1B8 /* HPSettingCell.mm */ = {isa = PBXFileReference; fileEncoding = 4; lastKnownFileType = sourcecode.cpp.objcpp; path = HPSettingCell.mm; sourceTree = "<group>"; };
		BFB08B64267867060015E1B8 /* HP_time@2x.png */ = {isa = PBXFileReference; lastKnownFileType = image.png; path = "HP_time@2x.png"; sourceTree = "<group>"; };
		BFB08B65267867060015E1B8 /* HP_switch_on@2x.png */ = {isa = PBXFileReference; lastKnownFileType = image.png; path = "HP_switch_on@2x.png"; sourceTree = "<group>"; };
		BFB08B66267867060015E1B8 /* HP_switch_off@2x.png */ = {isa = PBXFileReference; lastKnownFileType = image.png; path = "HP_switch_off@2x.png"; sourceTree = "<group>"; };
		BFB08B7926789BBD0015E1B8 /* HPLuckyMoney.xm */ = {isa = PBXFileReference; explicitFileType = sourcecode.cpp.objcpp.preprocessed; fileEncoding = 4; path = HPLuckyMoney.xm; sourceTree = "<group>"; };
/* End PBXFileReference section */

/* Begin PBXFrameworksBuildPhase section */
		BFB08B3326783D0C0015E1B8 /* Frameworks */ = {
			isa = PBXFrameworksBuildPhase;
			buildActionMask = 2147483647;
			files = (
				BFB08B3B26783D0C0015E1B8 /* UIKit.framework in Frameworks */,
				BFB08B3D26783D0C0015E1B8 /* Foundation.framework in Frameworks */,
				BFB08B3F26783D0C0015E1B8 /* CydiaSubstrate.framework in Frameworks */,
			);
			runOnlyForDeploymentPostprocessing = 0;
		};
/* End PBXFrameworksBuildPhase section */

/* Begin PBXGroup section */
		BFB08B2C26783D0C0015E1B8 = {
			isa = PBXGroup;
			children = (
				BFB08B4026783D0C0015E1B8 /* HPWeChatPlugins */,
				BFB08B3926783D0C0015E1B8 /* Frameworks */,
				BFB08B3826783D0C0015E1B8 /* Products */,
			);
			sourceTree = "<group>";
		};
		BFB08B3826783D0C0015E1B8 /* Products */ = {
			isa = PBXGroup;
			children = (
				BFB08B3726783D0C0015E1B8 /* HPWeChatPlugins.dylib */,
			);
			name = Products;
			sourceTree = "<group>";
		};
		BFB08B3926783D0C0015E1B8 /* Frameworks */ = {
			isa = PBXGroup;
			children = (
				BFB08B3A26783D0C0015E1B8 /* UIKit.framework */,
				BFB08B3C26783D0C0015E1B8 /* Foundation.framework */,
				BFB08B3E26783D0C0015E1B8 /* CydiaSubstrate.framework */,
			);
			name = Frameworks;
			sourceTree = "<group>";
		};
		BFB08B4026783D0C0015E1B8 /* HPWeChatPlugins */ = {
			isa = PBXGroup;
			children = (
				BFB08B7926789BBD0015E1B8 /* HPLuckyMoney.xm */,
				BFB08B58267847600015E1B8 /* HPSettingCell.xm */,
				BFB08B4626783D0C0015E1B8 /* HPWeChatPlugins.xm */,
				BFB08B5C26785B9D0015E1B8 /* HPSettingCell.mm */,
				BFB08B4726783D0C0015E1B8 /* HPWeChatPlugins.mm */,
				BFB08B4126783D0C0015E1B8 /* Package */,
				BFB08B4426783D0C0015E1B8 /* Supporting Files */,
			);
			path = HPWeChatPlugins;
			sourceTree = "<group>";
		};
		BFB08B4126783D0C0015E1B8 /* Package */ = {
			isa = PBXGroup;
			children = (
				BFB08B4226783D0C0015E1B8 /* DEBIAN */,
				BFB08B4926783D0C0015E1B8 /* Library */,
			);
			path = Package;
			sourceTree = "<group>";
		};
		BFB08B4226783D0C0015E1B8 /* DEBIAN */ = {
			isa = PBXGroup;
			children = (
				BFB08B4326783D0C0015E1B8 /* control */,
			);
			path = DEBIAN;
			sourceTree = "<group>";
		};
		BFB08B4426783D0C0015E1B8 /* Supporting Files */ = {
			isa = PBXGroup;
			children = (
				BFB08B4526783D0C0015E1B8 /* HPWeChatPlugins-Prefix.pch */,
			);
			path = "Supporting Files";
			sourceTree = "<group>";
		};
		BFB08B4926783D0C0015E1B8 /* Library */ = {
			isa = PBXGroup;
			children = (
				BFB08B62267867060015E1B8 /* Caches */,
				BFB08B4A26783D0C0015E1B8 /* MobileSubstrate */,
			);
			path = Library;
			sourceTree = "<group>";
		};
		BFB08B4A26783D0C0015E1B8 /* MobileSubstrate */ = {
			isa = PBXGroup;
			children = (
				BFB08B4B26783D0C0015E1B8 /* DynamicLibraries */,
			);
			path = MobileSubstrate;
			sourceTree = "<group>";
		};
		BFB08B4B26783D0C0015E1B8 /* DynamicLibraries */ = {
			isa = PBXGroup;
			children = (
				BFB08B4C26783D0C0015E1B8 /* HPWeChatPlugins.plist */,
			);
			path = DynamicLibraries;
			sourceTree = "<group>";
		};
		BFB08B62267867060015E1B8 /* Caches */ = {
			isa = PBXGroup;
			children = (
				BFB08B63267867060015E1B8 /* com.hotpotcat.HPWeChatPlugins */,
			);
			path = Caches;
			sourceTree = "<group>";
		};
		BFB08B63267867060015E1B8 /* com.hotpotcat.HPWeChatPlugins */ = {
			isa = PBXGroup;
			children = (
				BFB08B64267867060015E1B8 /* HP_time@2x.png */,
				BFB08B65267867060015E1B8 /* HP_switch_on@2x.png */,
				BFB08B66267867060015E1B8 /* HP_switch_off@2x.png */,
			);
			path = com.hotpotcat.HPWeChatPlugins;
			sourceTree = "<group>";
		};
/* End PBXGroup section */

/* Begin PBXHeadersBuildPhase section */
		BFB08B3426783D0C0015E1B8 /* Headers */ = {
			isa = PBXHeadersBuildPhase;
			buildActionMask = 2147483647;
			files = (
			);
			runOnlyForDeploymentPostprocessing = 0;
		};
/* End PBXHeadersBuildPhase section */

/* Begin PBXNativeTarget section */
		BFB08B3626783D0C0015E1B8 /* HPWeChatPlugins */ = {
			isa = PBXNativeTarget;
			buildConfigurationList = BFB08B4F26783D0C0015E1B8 /* Build configuration list for PBXNativeTarget "HPWeChatPlugins" */;
			buildPhases = (
				BFB08B3126783D0C0015E1B8 /* ShellScript */,
				BFB08B3226783D0C0015E1B8 /* Sources */,
				BFB08B3326783D0C0015E1B8 /* Frameworks */,
				BFB08B3426783D0C0015E1B8 /* Headers */,
				BFB08B3526783D0C0015E1B8 /* ShellScript */,
			);
			buildRules = (
			);
			dependencies = (
			);
			name = HPWeChatPlugins;
			productName = HPWeChatPlugins;
			productReference = BFB08B3726783D0C0015E1B8 /* HPWeChatPlugins.dylib */;
			productType = "com.apple.product-type.library.dynamic";
		};
/* End PBXNativeTarget section */

/* Begin PBXProject section */
		BFB08B2D26783D0C0015E1B8 /* Project object */ = {
			isa = PBXProject;
			attributes = {
				LastUpgradeCheck = 1240;
				TargetAttributes = {
					BFB08B3626783D0C0015E1B8 = {
						CreatedOnToolsVersion = 12.4;
					};
				};
			};
			buildConfigurationList = BFB08B3026783D0C0015E1B8 /* Build configuration list for PBXProject "HPWeChatPlugins" */;
			compatibilityVersion = "Xcode 9.3";
			developmentRegion = en;
			hasScannedForEncodings = 0;
			knownRegions = (
				en,
				Base,
			);
			mainGroup = BFB08B2C26783D0C0015E1B8;
			productRefGroup = BFB08B3826783D0C0015E1B8 /* Products */;
			projectDirPath = "";
			projectRoot = "";
			targets = (
				BFB08B3626783D0C0015E1B8 /* HPWeChatPlugins */,
			);
		};
/* End PBXProject section */

/* Begin PBXShellScriptBuildPhase section */
		BFB08B3126783D0C0015E1B8 /* ShellScript */ = {
			isa = PBXShellScriptBuildPhase;
			buildActionMask = 2147483647;
			files = (
			);
			inputFileListPaths = (
			);
			inputPaths = (
			);
			outputFileListPaths = (
			);
			outputPaths = (
			);
			runOnlyForDeploymentPostprocessing = 0;
			shellPath = /bin/sh;
			shellScript = "/opt/MonkeyDev/bin/md --xcbp-logos";
		};
		BFB08B3526783D0C0015E1B8 /* ShellScript */ = {
			isa = PBXShellScriptBuildPhase;
			buildActionMask = 2147483647;
			files = (
			);
			inputFileListPaths = (
			);
			inputPaths = (
			);
			outputFileListPaths = (
			);
			outputPaths = (
			);
			runOnlyForDeploymentPostprocessing = 0;
			shellPath = /bin/sh;
			shellScript = "/opt/MonkeyDev/bin/md --xcbp";
		};
/* End PBXShellScriptBuildPhase section */

/* Begin PBXSourcesBuildPhase section */
		BFB08B3226783D0C0015E1B8 /* Sources */ = {
			isa = PBXSourcesBuildPhase;
			buildActionMask = 2147483647;
			files = (
				BFB08B5D26785B9D0015E1B8 /* HPSettingCell.mm in Sources */,
				BFB08B4826783D0C0015E1B8 /* HPWeChatPlugins.mm in Sources */,
			);
			runOnlyForDeploymentPostprocessing = 0;
		};
/* End PBXSourcesBuildPhase section */

/* Begin XCBuildConfiguration section */
		BFB08B4D26783D0C0015E1B8 /* Release */ = {
			isa = XCBuildConfiguration;
			buildSettings = {
				COPY_PHASE_STRIP = YES;
				EXCLUDED_RECURSIVE_SEARCH_PATH_SUBDIRECTORIES = "*.nib *.lproj *.gch (*) .DS_Store CVS .svn .git .hg *.xcodeproj *.xcode *.pbproj *.pbxproj";
				FRAMEWORK_SEARCH_PATHS = (
					"$(MonkeyDevPath)/frameworks/**",
					"$(MonkeyDevTheosPath)/vendor/lib",
				);
				GCC_C_LANGUAGE_STANDARD = gnu99;
				GCC_WARN_ABOUT_MISSING_PROTOTYPES = YES;
				GCC_WARN_ABOUT_RETURN_TYPE = YES;
				GCC_WARN_UNUSED_VARIABLE = YES;
				HEADER_SEARCH_PATHS = "$(MonkeyDevTheosPath)/vendor/include/**";
				IPHONEOS_DEPLOYMENT_TARGET = 8.0;
				LIBRARY_SEARCH_PATHS = "$(MonkeyDevTheosPath)/vendor/lib/**";
				MonkeyDevPath = /opt/MonkeyDev;
				MonkeyDevTheosPath = /opt/theos;
				OTHER_CFLAGS = "-DTHEOS_INSTANCE_NAME=\"\\\"HPWeChatPlugins\\\"\"";
				SDKROOT = iphoneos;
				TARGETED_DEVICE_FAMILY = "1,2";
				VALIDATE_PRODUCT = YES;
			};
			name = Release;
		};
		BFB08B4E26783D0C0015E1B8 /* Debug */ = {
			isa = XCBuildConfiguration;
			buildSettings = {
				COPY_PHASE_STRIP = NO;
				EXCLUDED_RECURSIVE_SEARCH_PATH_SUBDIRECTORIES = "*.nib *.lproj *.gch (*) .DS_Store CVS .svn .git .hg *.xcodeproj *.xcode *.pbproj *.pbxproj";
				FRAMEWORK_SEARCH_PATHS = (
					"$(MonkeyDevPath)/frameworks/**",
					"$(MonkeyDevTheosPath)/vendor/lib",
				);
				GCC_C_LANGUAGE_STANDARD = gnu99;
				GCC_DYNAMIC_NO_PIC = NO;
				GCC_OPTIMIZATION_LEVEL = 0;
				GCC_PREPROCESSOR_DEFINITIONS = (
					"DEBUG=1",
					"$(inherited)",
				);
				GCC_SYMBOLS_PRIVATE_EXTERN = NO;
				GCC_WARN_ABOUT_MISSING_PROTOTYPES = YES;
				GCC_WARN_ABOUT_RETURN_TYPE = YES;
				GCC_WARN_UNUSED_VARIABLE = YES;
				HEADER_SEARCH_PATHS = "$(MonkeyDevTheosPath)/vendor/include/**";
				IPHONEOS_DEPLOYMENT_TARGET = 8.0;
				LIBRARY_SEARCH_PATHS = "$(MonkeyDevTheosPath)/vendor/lib/**";
				MonkeyDevPath = /opt/MonkeyDev;
				MonkeyDevTheosPath = /opt/theos;
				ONLY_ACTIVE_ARCH = YES;
				OTHER_CFLAGS = "-DTHEOS_INSTANCE_NAME=\"\\\"HPWeChatPlugins\\\"\"";
				SDKROOT = iphoneos;
				TARGETED_DEVICE_FAMILY = "1,2";
				VALIDATE_PRODUCT = NO;
			};
			name = Debug;
		};
		BFB08B5026783D0C0015E1B8 /* Release */ = {
			isa = XCBuildConfiguration;
			buildSettings = {
				CLANG_ENABLE_OBJC_ARC = YES;
				CODE_SIGN_IDENTITY = "iPhone Developer";
				CODE_SIGN_STYLE = Automatic;
				DEVELOPMENT_TEAM = S48J667P47;
				DYLIB_COMPATIBILITY_VERSION = 1;
				DYLIB_CURRENT_VERSION = 1;
				GCC_PRECOMPILE_PREFIX_HEADER = YES;
				GCC_PREFIX_HEADER = "HPWeChatPlugins/HPWeChatPlugins-Prefix.pch";
				INSTALL_PATH = /Library/MobileSubstrate/DynamicLibraries;
				MonkeyDevBuildPackageOnAnyBuild = NO;
				MonkeyDevClearUiCacheOnInstall = NO;
				MonkeyDevCopyOnBuild = NO;
				MonkeyDevDeviceIP = "";
				MonkeyDevDevicePassword = "";
				MonkeyDevDevicePort = "";
				MonkeyDevInstallOnAnyBuild = NO;
				MonkeyDevInstallOnProfiling = YES;
				MonkeyDevkillProcessOnInstall = SpringBoard;
				PRODUCT_NAME = "$(TARGET_NAME)";
				TARGETED_DEVICE_FAMILY = "1,2";
			};
			name = Release;
		};
		BFB08B5126783D0C0015E1B8 /* Debug */ = {
			isa = XCBuildConfiguration;
			buildSettings = {
				CLANG_ENABLE_OBJC_ARC = YES;
				CODE_SIGN_IDENTITY = "iPhone Developer";
				CODE_SIGN_STYLE = Automatic;
				DEVELOPMENT_TEAM = S48J667P47;
				DYLIB_COMPATIBILITY_VERSION = 1;
				DYLIB_CURRENT_VERSION = 1;
				GCC_PRECOMPILE_PREFIX_HEADER = YES;
				GCC_PREFIX_HEADER = "HPWeChatPlugins/HPWeChatPlugins-Prefix.pch";
				INSTALL_PATH = /Library/MobileSubstrate/DynamicLibraries;
				MonkeyDevBuildPackageOnAnyBuild = NO;
				MonkeyDevClearUiCacheOnInstall = NO;
				MonkeyDevCopyOnBuild = NO;
				MonkeyDevDeviceIP = "";
				MonkeyDevDevicePassword = "";
				MonkeyDevDevicePort = "";
				MonkeyDevInstallOnAnyBuild = NO;
				MonkeyDevInstallOnProfiling = YES;
				MonkeyDevkillProcessOnInstall = SpringBoard;
				PRODUCT_NAME = "$(TARGET_NAME)";
				TARGETED_DEVICE_FAMILY = "1,2";
			};
			name = Debug;
		};
/* End XCBuildConfiguration section */

/* Begin XCConfigurationList section */
		BFB08B3026783D0C0015E1B8 /* Build configuration list for PBXProject "HPWeChatPlugins" */ = {
			isa = XCConfigurationList;
			buildConfigurations = (
				BFB08B4D26783D0C0015E1B8 /* Release */,
				BFB08B4E26783D0C0015E1B8 /* Debug */,
			);
			defaultConfigurationIsVisible = 0;
			defaultConfigurationName = Release;
		};
		BFB08B4F26783D0C0015E1B8 /* Build configuration list for PBXNativeTarget "HPWeChatPlugins" */ = {
			isa = XCConfigurationList;
			buildConfigurations = (
				BFB08B5026783D0C0015E1B8 /* Release */,
				BFB08B5126783D0C0015E1B8 /* Debug */,
			);
			defaultConfigurationIsVisible = 0;
			defaultConfigurationName = Release;
		};
/* End XCConfigurationList section */
	};
	rootObject = BFB08B2D26783D0C0015E1B8 /* Project object */;
}
